// !$*UTF8*$!
{
	archiveVersion = 1;
	classes = {
	};
	objectVersion = 56;
	objects = {

/* Begin PBXBuildFile section */
		23B9966C29B28AC900FC1EEE /* AppDelegate.swift in Sources */ = {isa = PBXBuildFile; fileRef = 23B9966B29B28AC900FC1EEE /* AppDelegate.swift */; };
		23B9966E29B28AC900FC1EEE /* SceneDelegate.swift in Sources */ = {isa = PBXBuildFile; fileRef = 23B9966D29B28AC900FC1EEE /* SceneDelegate.swift */; };
		23B9967329B28AC900FC1EEE /* Main.storyboard in Resources */ = {isa = PBXBuildFile; fileRef = 23B9967129B28AC900FC1EEE /* Main.storyboard */; };
		23B9967529B28ACA00FC1EEE /* Assets.xcassets in Resources */ = {isa = PBXBuildFile; fileRef = 23B9967429B28ACA00FC1EEE /* Assets.xcassets */; };
		23B9967829B28ACA00FC1EEE /* LaunchScreen.storyboard in Resources */ = {isa = PBXBuildFile; fileRef = 23B9967629B28ACA00FC1EEE /* LaunchScreen.storyboard */; };
		23B9968229B2941200FC1EEE /* NetworkError.swift in Sources */ = {isa = PBXBuildFile; fileRef = 23B9968129B2941200FC1EEE /* NetworkError.swift */; };
		23B9968429B2955B00FC1EEE /* Constants.swift in Sources */ = {isa = PBXBuildFile; fileRef = 23B9968329B2955B00FC1EEE /* Constants.swift */; };
		23B9968729B2995400FC1EEE /* Artist.swift in Sources */ = {isa = PBXBuildFile; fileRef = 23B9968629B2995400FC1EEE /* Artist.swift */; };
		23B9968929B29B7C00FC1EEE /* Song.swift in Sources */ = {isa = PBXBuildFile; fileRef = 23B9968829B29B7C00FC1EEE /* Song.swift */; };
		23B9968E29B2B66900FC1EEE /* NetworkController.swift in Sources */ = {isa = PBXBuildFile; fileRef = 23B9968D29B2B66900FC1EEE /* NetworkController.swift */; };
		23B9969129B2CDAE00FC1EEE /* ArtistDiscogTableViewController.swift in Sources */ = {isa = PBXBuildFile; fileRef = 23B9969029B2CDAE00FC1EEE /* ArtistDiscogTableViewController.swift */; };
		23B9969529B2F25D00FC1EEE /* AlbumTableViewCell.swift in Sources */ = {isa = PBXBuildFile; fileRef = 23B9969429B2F25D00FC1EEE /* AlbumTableViewCell.swift */; };
/* End PBXBuildFile section */

/* Begin PBXFileReference section */
		23B9966829B28AC900FC1EEE /* Week5Assessment.iTunes.app */ = {isa = PBXFileReference; explicitFileType = wrapper.application; includeInIndex = 0; path = Week5Assessment.iTunes.app; sourceTree = BUILT_PRODUCTS_DIR; };
		23B9966B29B28AC900FC1EEE /* AppDelegate.swift */ = {isa = PBXFileReference; lastKnownFileType = sourcecode.swift; path = AppDelegate.swift; sourceTree = "<group>"; };
		23B9966D29B28AC900FC1EEE /* SceneDelegate.swift */ = {isa = PBXFileReference; lastKnownFileType = sourcecode.swift; path = SceneDelegate.swift; sourceTree = "<group>"; };
		23B9967229B28AC900FC1EEE /* Base */ = {isa = PBXFileReference; lastKnownFileType = file.storyboard; name = Base; path = Base.lproj/Main.storyboard; sourceTree = "<group>"; };
		23B9967429B28ACA00FC1EEE /* Assets.xcassets */ = {isa = PBXFileReference; lastKnownFileType = folder.assetcatalog; path = Assets.xcassets; sourceTree = "<group>"; };
		23B9967729B28ACA00FC1EEE /* Base */ = {isa = PBXFileReference; lastKnownFileType = file.storyboard; name = Base; path = Base.lproj/LaunchScreen.storyboard; sourceTree = "<group>"; };
		23B9967929B28ACA00FC1EEE /* Info.plist */ = {isa = PBXFileReference; lastKnownFileType = text.plist.xml; path = Info.plist; sourceTree = "<group>"; };
		23B9968129B2941200FC1EEE /* NetworkError.swift */ = {isa = PBXFileReference; lastKnownFileType = sourcecode.swift; path = NetworkError.swift; sourceTree = "<group>"; };
		23B9968329B2955B00FC1EEE /* Constants.swift */ = {isa = PBXFileReference; lastKnownFileType = sourcecode.swift; path = Constants.swift; sourceTree = "<group>"; };
		23B9968629B2995400FC1EEE /* Artist.swift */ = {isa = PBXFileReference; lastKnownFileType = sourcecode.swift; path = Artist.swift; sourceTree = "<group>"; };
		23B9968829B29B7C00FC1EEE /* Song.swift */ = {isa = PBXFileReference; lastKnownFileType = sourcecode.swift; path = Song.swift; sourceTree = "<group>"; };
		23B9968D29B2B66900FC1EEE /* NetworkController.swift */ = {isa = PBXFileReference; lastKnownFileType = sourcecode.swift; path = NetworkController.swift; sourceTree = "<group>"; };
		23B9969029B2CDAE00FC1EEE /* ArtistDiscogTableViewController.swift */ = {isa = PBXFileReference; lastKnownFileType = sourcecode.swift; path = ArtistDiscogTableViewController.swift; sourceTree = "<group>"; };
		23B9969429B2F25D00FC1EEE /* AlbumTableViewCell.swift */ = {isa = PBXFileReference; lastKnownFileType = sourcecode.swift; path = AlbumTableViewCell.swift; sourceTree = "<group>"; };
/* End PBXFileReference section */

/* Begin PBXFrameworksBuildPhase section */
		23B9966529B28AC900FC1EEE /* Frameworks */ = {
			isa = PBXFrameworksBuildPhase;
			buildActionMask = 2147483647;
			files = (
			);
			runOnlyForDeploymentPostprocessing = 0;
		};
/* End PBXFrameworksBuildPhase section */

/* Begin PBXGroup section */
		23B9965F29B28AC900FC1EEE = {
			isa = PBXGroup;
			children = (
				23B9966A29B28AC900FC1EEE /* Week5Assessment.iTunes */,
				23B9966929B28AC900FC1EEE /* Products */,
			);
			sourceTree = "<group>";
		};
		23B9966929B28AC900FC1EEE /* Products */ = {
			isa = PBXGroup;
			children = (
				23B9966829B28AC900FC1EEE /* Week5Assessment.iTunes.app */,
			);
			name = Products;
			sourceTree = "<group>";
		};
		23B9966A29B28AC900FC1EEE /* Week5Assessment.iTunes */ = {
			isa = PBXGroup;
			children = (
				23B9968F29B2CD7700FC1EEE /* ViewControllers */,
				23B9968B29B2B5B100FC1EEE /* Networking */,
				23B9968529B2993D00FC1EEE /* Models */,
				23B9968029B2940100FC1EEE /* Helper&Extensions */,
				23B9968A29B2A15200FC1EEE /* StoryBoards */,
				23B9967F29B28AF000FC1EEE /* SupportingFiles */,
			);
			path = Week5Assessment.iTunes;
			sourceTree = "<group>";
		};
		23B9967F29B28AF000FC1EEE /* SupportingFiles */ = {
			isa = PBXGroup;
			children = (
				23B9966B29B28AC900FC1EEE /* AppDelegate.swift */,
				23B9966D29B28AC900FC1EEE /* SceneDelegate.swift */,
				23B9967429B28ACA00FC1EEE /* Assets.xcassets */,
				23B9967929B28ACA00FC1EEE /* Info.plist */,
			);
			path = SupportingFiles;
			sourceTree = "<group>";
		};
		23B9968029B2940100FC1EEE /* Helper&Extensions */ = {
			isa = PBXGroup;
			children = (
				23B9968129B2941200FC1EEE /* NetworkError.swift */,
				23B9968329B2955B00FC1EEE /* Constants.swift */,
			);
			path = "Helper&Extensions";
			sourceTree = "<group>";
		};
		23B9968529B2993D00FC1EEE /* Models */ = {
			isa = PBXGroup;
			children = (
				23B9968629B2995400FC1EEE /* Artist.swift */,
				23B9968829B29B7C00FC1EEE /* Song.swift */,
			);
			path = Models;
			sourceTree = "<group>";
		};
		23B9968A29B2A15200FC1EEE /* StoryBoards */ = {
			isa = PBXGroup;
			children = (
				23B9967129B28AC900FC1EEE /* Main.storyboard */,
				23B9967629B28ACA00FC1EEE /* LaunchScreen.storyboard */,
			);
			path = StoryBoards;
			sourceTree = "<group>";
		};
		23B9968B29B2B5B100FC1EEE /* Networking */ = {
			isa = PBXGroup;
			children = (
				23B9968D29B2B66900FC1EEE /* NetworkController.swift */,
			);
			path = Networking;
			sourceTree = "<group>";
		};
		23B9968F29B2CD7700FC1EEE /* ViewControllers */ = {
			isa = PBXGroup;
			children = (
				23B9969029B2CDAE00FC1EEE /* ArtistDiscogTableViewController.swift */,
				23B9969429B2F25D00FC1EEE /* AlbumTableViewCell.swift */,
			);
			path = ViewControllers;
			sourceTree = "<group>";
		};
/* End PBXGroup section */

/* Begin PBXNativeTarget section */
		23B9966729B28AC900FC1EEE /* Week5Assessment.iTunes */ = {
			isa = PBXNativeTarget;
			buildConfigurationList = 23B9967C29B28ACA00FC1EEE /* Build configuration list for PBXNativeTarget "Week5Assessment.iTunes" */;
			buildPhases = (
				23B9966429B28AC900FC1EEE /* Sources */,
				23B9966529B28AC900FC1EEE /* Frameworks */,
				23B9966629B28AC900FC1EEE /* Resources */,
			);
			buildRules = (
			);
			dependencies = (
			);
			name = Week5Assessment.iTunes;
			productName = Week5Assessment.iTunes;
			productReference = 23B9966829B28AC900FC1EEE /* Week5Assessment.iTunes.app */;
			productType = "com.apple.product-type.application";
		};
/* End PBXNativeTarget section */

/* Begin PBXProject section */
		23B9966029B28AC900FC1EEE /* Project object */ = {
			isa = PBXProject;
			attributes = {
				BuildIndependentTargetsInParallel = 1;
				LastSwiftUpdateCheck = 1420;
				LastUpgradeCheck = 1420;
				TargetAttributes = {
					23B9966729B28AC900FC1EEE = {
						CreatedOnToolsVersion = 14.2;
					};
				};
			};
			buildConfigurationList = 23B9966329B28AC900FC1EEE /* Build configuration list for PBXProject "Week5Assessment.iTunes" */;
			compatibilityVersion = "Xcode 14.0";
			developmentRegion = en;
			hasScannedForEncodings = 0;
			knownRegions = (
				en,
				Base,
			);
			mainGroup = 23B9965F29B28AC900FC1EEE;
			productRefGroup = 23B9966929B28AC900FC1EEE /* Products */;
			projectDirPath = "";
			projectRoot = "";
			targets = (
				23B9966729B28AC900FC1EEE /* Week5Assessment.iTunes */,
			);
		};
/* End PBXProject section */

/* Begin PBXResourcesBuildPhase section */
		23B9966629B28AC900FC1EEE /* Resources */ = {
			isa = PBXResourcesBuildPhase;
			buildActionMask = 2147483647;
			files = (
				23B9967829B28ACA00FC1EEE /* LaunchScreen.storyboard in Resources */,
				23B9967529B28ACA00FC1EEE /* Assets.xcassets in Resources */,
				23B9967329B28AC900FC1EEE /* Main.storyboard in Resources */,
			);
			runOnlyForDeploymentPostprocessing = 0;
		};
/* End PBXResourcesBuildPhase section */

/* Begin PBXSourcesBuildPhase section */
		23B9966429B28AC900FC1EEE /* Sources */ = {
			isa = PBXSourcesBuildPhase;
			buildActionMask = 2147483647;
			files = (
				23B9968929B29B7C00FC1EEE /* Song.swift in Sources */,
				23B9968229B2941200FC1EEE /* NetworkError.swift in Sources */,
				23B9966C29B28AC900FC1EEE /* AppDelegate.swift in Sources */,
				23B9966E29B28AC900FC1EEE /* SceneDelegate.swift in Sources */,
				23B9968729B2995400FC1EEE /* Artist.swift in Sources */,
				23B9969529B2F25D00FC1EEE /* AlbumTableViewCell.swift in Sources */,
				23B9968E29B2B66900FC1EEE /* NetworkController.swift in Sources */,
				23B9968429B2955B00FC1EEE /* Constants.swift in Sources */,
				23B9969129B2CDAE00FC1EEE /* ArtistDiscogTableViewController.swift in Sources */,
			);
			runOnlyForDeploymentPostprocessing = 0;
		};
/* End PBXSourcesBuildPhase section */

/* Begin PBXVariantGroup section */
		23B9967129B28AC900FC1EEE /* Main.storyboard */ = {
			isa = PBXVariantGroup;
			children = (
				23B9967229B28AC900FC1EEE /* Base */,
			);
			name = Main.storyboard;
			sourceTree = "<group>";
		};
		23B9967629B28ACA00FC1EEE /* LaunchScreen.storyboard */ = {
			isa = PBXVariantGroup;
			children = (
				23B9967729B28ACA00FC1EEE /* Base */,
			);
			name = LaunchScreen.storyboard;
			sourceTree = "<group>";
		};
/* End PBXVariantGroup section */

/* Begin XCBuildConfiguration section */
		23B9967A29B28ACA00FC1EEE /* Debug */ = {
			isa = XCBuildConfiguration;
			buildSettings = {
				ALWAYS_SEARCH_USER_PATHS = NO;
				CLANG_ANALYZER_NONNULL = YES;
				CLANG_ANALYZER_NUMBER_OBJECT_CONVERSION = YES_AGGRESSIVE;
				CLANG_CXX_LANGUAGE_STANDARD = "gnu++20";
				CLANG_ENABLE_MODULES = YES;
				CLANG_ENABLE_OBJC_ARC = YES;
				CLANG_ENABLE_OBJC_WEAK = YES;
				CLANG_WARN_BLOCK_CAPTURE_AUTORELEASING = YES;
				CLANG_WARN_BOOL_CONVERSION = YES;
				CLANG_WARN_COMMA = YES;
				CLANG_WARN_CONSTANT_CONVERSION = YES;
				CLANG_WARN_DEPRECATED_OBJC_IMPLEMENTATIONS = YES;
				CLANG_WARN_DIRECT_OBJC_ISA_USAGE = YES_ERROR;
				CLANG_WARN_DOCUMENTATION_COMMENTS = YES;
				CLANG_WARN_EMPTY_BODY = YES;
				CLANG_WARN_ENUM_CONVERSION = YES;
				CLANG_WARN_INFINITE_RECURSION = YES;
				CLANG_WARN_INT_CONVERSION = YES;
				CLANG_WARN_NON_LITERAL_NULL_CONVERSION = YES;
				CLANG_WARN_OBJC_IMPLICIT_RETAIN_SELF = YES;
				CLANG_WARN_OBJC_LITERAL_CONVERSION = YES;
				CLANG_WARN_OBJC_ROOT_CLASS = YES_ERROR;
				CLANG_WARN_QUOTED_INCLUDE_IN_FRAMEWORK_HEADER = YES;
				CLANG_WARN_RANGE_LOOP_ANALYSIS = YES;
				CLANG_WARN_STRICT_PROTOTYPES = YES;
				CLANG_WARN_SUSPICIOUS_MOVE = YES;
				CLANG_WARN_UNGUARDED_AVAILABILITY = YES_AGGRESSIVE;
				CLANG_WARN_UNREACHABLE_CODE = YES;
				CLANG_WARN__DUPLICATE_METHOD_MATCH = YES;
				COPY_PHASE_STRIP = NO;
				DEBUG_INFORMATION_FORMAT = dwarf;
				ENABLE_STRICT_OBJC_MSGSEND = YES;
				ENABLE_TESTABILITY = YES;
				GCC_C_LANGUAGE_STANDARD = gnu11;
				GCC_DYNAMIC_NO_PIC = NO;
				GCC_NO_COMMON_BLOCKS = YES;
				GCC_OPTIMIZATION_LEVEL = 0;
				GCC_PREPROCESSOR_DEFINITIONS = (
					"DEBUG=1",
					"$(inherited)",
				);
				GCC_WARN_64_TO_32_BIT_CONVERSION = YES;
				GCC_WARN_ABOUT_RETURN_TYPE = YES_ERROR;
				GCC_WARN_UNDECLARED_SELECTOR = YES;
				GCC_WARN_UNINITIALIZED_AUTOS = YES_AGGRESSIVE;
				GCC_WARN_UNUSED_FUNCTION = YES;
				GCC_WARN_UNUSED_VARIABLE = YES;
				IPHONEOS_DEPLOYMENT_TARGET = 16.2;
				MTL_ENABLE_DEBUG_INFO = INCLUDE_SOURCE;
				MTL_FAST_MATH = YES;
				ONLY_ACTIVE_ARCH = YES;
				SDKROOT = iphoneos;
				SWIFT_ACTIVE_COMPILATION_CONDITIONS = DEBUG;
				SWIFT_OPTIMIZATION_LEVEL = "-Onone";
			};
			name = Debug;
		};
		23B9967B29B28ACA00FC1EEE /* Release */ = {
			isa = XCBuildConfiguration;
			buildSettings = {
				ALWAYS_SEARCH_USER_PATHS = NO;
				CLANG_ANALYZER_NONNULL = YES;
				CLANG_ANALYZER_NUMBER_OBJECT_CONVERSION = YES_AGGRESSIVE;
				CLANG_CXX_LANGUAGE_STANDARD = "gnu++20";
				CLANG_ENABLE_MODULES = YES;
				CLANG_ENABLE_OBJC_ARC = YES;
				CLANG_ENABLE_OBJC_WEAK = YES;
				CLANG_WARN_BLOCK_CAPTURE_AUTORELEASING = YES;
				CLANG_WARN_BOOL_CONVERSION = YES;
				CLANG_WARN_COMMA = YES;
				CLANG_WARN_CONSTANT_CONVERSION = YES;
				CLANG_WARN_DEPRECATED_OBJC_IMPLEMENTATIONS = YES;
				CLANG_WARN_DIRECT_OBJC_ISA_USAGE = YES_ERROR;
				CLANG_WARN_DOCUMENTATION_COMMENTS = YES;
				CLANG_WARN_EMPTY_BODY = YES;
				CLANG_WARN_ENUM_CONVERSION = YES;
				CLANG_WARN_INFINITE_RECURSION = YES;
				CLANG_WARN_INT_CONVERSION = YES;
				CLANG_WARN_NON_LITERAL_NULL_CONVERSION = YES;
				CLANG_WARN_OBJC_IMPLICIT_RETAIN_SELF = YES;
				CLANG_WARN_OBJC_LITERAL_CONVERSION = YES;
				CLANG_WARN_OBJC_ROOT_CLASS = YES_ERROR;
				CLANG_WARN_QUOTED_INCLUDE_IN_FRAMEWORK_HEADER = YES;
				CLANG_WARN_RANGE_LOOP_ANALYSIS = YES;
				CLANG_WARN_STRICT_PROTOTYPES = YES;
				CLANG_WARN_SUSPICIOUS_MOVE = YES;
				CLANG_WARN_UNGUARDED_AVAILABILITY = YES_AGGRESSIVE;
				CLANG_WARN_UNREACHABLE_CODE = YES;
				CLANG_WARN__DUPLICATE_METHOD_MATCH = YES;
				COPY_PHASE_STRIP = NO;
				DEBUG_INFORMATION_FORMAT = "dwarf-with-dsym";
				ENABLE_NS_ASSERTIONS = NO;
				ENABLE_STRICT_OBJC_MSGSEND = YES;
				GCC_C_LANGUAGE_STANDARD = gnu11;
				GCC_NO_COMMON_BLOCKS = YES;
				GCC_WARN_64_TO_32_BIT_CONVERSION = YES;
				GCC_WARN_ABOUT_RETURN_TYPE = YES_ERROR;
				GCC_WARN_UNDECLARED_SELECTOR = YES;
				GCC_WARN_UNINITIALIZED_AUTOS = YES_AGGRESSIVE;
				GCC_WARN_UNUSED_FUNCTION = YES;
				GCC_WARN_UNUSED_VARIABLE = YES;
				IPHONEOS_DEPLOYMENT_TARGET = 16.2;
				MTL_ENABLE_DEBUG_INFO = NO;
				MTL_FAST_MATH = YES;
				SDKROOT = iphoneos;
				SWIFT_COMPILATION_MODE = wholemodule;
				SWIFT_OPTIMIZATION_LEVEL = "-O";
				VALIDATE_PRODUCT = YES;
			};
			name = Release;
		};
		23B9967D29B28ACA00FC1EEE /* Debug */ = {
			isa = XCBuildConfiguration;
			buildSettings = {
				ASSETCATALOG_COMPILER_APPICON_NAME = AppIcon;
				ASSETCATALOG_COMPILER_GLOBAL_ACCENT_COLOR_NAME = AccentColor;
				CODE_SIGN_STYLE = Automatic;
				CURRENT_PROJECT_VERSION = 1;
				GENERATE_INFOPLIST_FILE = YES;
				INFOPLIST_FILE = Week5Assessment.iTunes/SupportingFiles/Info.plist;
				INFOPLIST_KEY_UIApplicationSupportsIndirectInputEvents = YES;
				INFOPLIST_KEY_UILaunchStoryboardName = LaunchScreen;
				INFOPLIST_KEY_UIMainStoryboardFile = Main;
				INFOPLIST_KEY_UISupportedInterfaceOrientations_iPad = "UIInterfaceOrientationPortrait UIInterfaceOrientationPortraitUpsideDown UIInterfaceOrientationLandscapeLeft UIInterfaceOrientationLandscapeRight";
				INFOPLIST_KEY_UISupportedInterfaceOrientations_iPhone = "UIInterfaceOrientationPortrait UIInterfaceOrientationLandscapeLeft UIInterfaceOrientationLandscapeRight";
				LD_RUNPATH_SEARCH_PATHS = (
					"$(inherited)",
					"@executable_path/Frameworks",
				);
				MARKETING_VERSION = 1.0;
				PRODUCT_BUNDLE_IDENTIFIER = "dotGlo.Week5Assessment-iTunes";
				PRODUCT_NAME = "$(TARGET_NAME)";
				SWIFT_EMIT_LOC_STRINGS = YES;
				SWIFT_VERSION = 5.0;
				TARGETED_DEVICE_FAMILY = "1,2";
			};
			name = Debug;
		};
		23B9967E29B28ACA00FC1EEE /* Release */ = {
			isa = XCBuildConfiguration;
			buildSettings = {
				ASSETCATALOG_COMPILER_APPICON_NAME = AppIcon;
				ASSETCATALOG_COMPILER_GLOBAL_ACCENT_COLOR_NAME = AccentColor;
				CODE_SIGN_STYLE = Automatic;
				CURRENT_PROJECT_VERSION = 1;
				GENERATE_INFOPLIST_FILE = YES;
				INFOPLIST_FILE = Week5Assessment.iTunes/SupportingFiles/Info.plist;
				INFOPLIST_KEY_UIApplicationSupportsIndirectInputEvents = YES;
				INFOPLIST_KEY_UILaunchStoryboardName = LaunchScreen;
				INFOPLIST_KEY_UIMainStoryboardFile = Main;
				INFOPLIST_KEY_UISupportedInterfaceOrientations_iPad = "UIInterfaceOrientationPortrait UIInterfaceOrientationPortraitUpsideDown UIInterfaceOrientationLandscapeLeft UIInterfaceOrientationLandscapeRight";
				INFOPLIST_KEY_UISupportedInterfaceOrientations_iPhone = "UIInterfaceOrientationPortrait UIInterfaceOrientationLandscapeLeft UIInterfaceOrientationLandscapeRight";
				LD_RUNPATH_SEARCH_PATHS = (
					"$(inherited)",
					"@executable_path/Frameworks",
				);
				MARKETING_VERSION = 1.0;
				PRODUCT_BUNDLE_IDENTIFIER = "dotGlo.Week5Assessment-iTunes";
				PRODUCT_NAME = "$(TARGET_NAME)";
				SWIFT_EMIT_LOC_STRINGS = YES;
				SWIFT_VERSION = 5.0;
				TARGETED_DEVICE_FAMILY = "1,2";
			};
			name = Release;
		};
/* End XCBuildConfiguration section */

/* Begin XCConfigurationList section */
		23B9966329B28AC900FC1EEE /* Build configuration list for PBXProject "Week5Assessment.iTunes" */ = {
			isa = XCConfigurationList;
			buildConfigurations = (
				23B9967A29B28ACA00FC1EEE /* Debug */,
				23B9967B29B28ACA00FC1EEE /* Release */,
			);
			defaultConfigurationIsVisible = 0;
			defaultConfigurationName = Release;
		};
		23B9967C29B28ACA00FC1EEE /* Build configuration list for PBXNativeTarget "Week5Assessment.iTunes" */ = {
			isa = XCConfigurationList;
			buildConfigurations = (
				23B9967D29B28ACA00FC1EEE /* Debug */,
				23B9967E29B28ACA00FC1EEE /* Release */,
			);
			defaultConfigurationIsVisible = 0;
			defaultConfigurationName = Release;
		};
/* End XCConfigurationList section */
	};
	rootObject = 23B9966029B28AC900FC1EEE /* Project object */;
}
